
Microsoft Visual Studio Solution File, Format Version 12.00
# Visual Studio 2013
Project("{8BC9CEB8-8B4A-11D0-8D11-00A0C91BC942}") = "lib_prj", "lib_prj.vcxproj", "{C74D6279-332D-E114-3C45-6CEBA8A34776}"
EndProject
Project("{8BC9CEB8-8B4A-11D0-8D11-00A0C91BC942}") = "main_prj", "main_prj.vcxproj", "{F527763B-E1F4-D046-0A0E-BFEEF63906D5}"
EndProject
Global
	GlobalSection(SolutionConfigurationPlatforms) = preSolution
		Debug|Win32 = Debug|Win32
	EndGlobalSection
	GlobalSection(ProjectConfigurationPlatforms) = postSolution
		{C74D6279-332D-E114-3C45-6CEBA8A34776}.Debug|Win32.ActiveCfg = Debug|Win32
		{C74D6279-332D-E114-3C45-6CEBA8A34776}.Debug|Win32.Build.0 = Debug|Win32
		{F527763B-E1F4-D046-0A0E-BFEEF63906D5}.Debug|Win32.ActiveCfg = Debug|Win32
		{F527763B-E1F4-D046-0A0E-BFEEF63906D5}.Debug|Win32.Build.0 = Debug|Win32
	EndGlobalSection
	GlobalSection(SolutionProperties) = preSolution
		HideSolutionNode = FALSE
	EndGlobalSection
EndGlobal
